
Microsoft Visual Studio Solution File, Format Version 12.00
# Visual Studio 15
VisualStudioVersion = 15.0.27130.2010
MinimumVisualStudioVersion = 10.0.40219.1
Project("{FAE04EC0-301F-11D3-BF4B-00C04F79EFBC}") = "VideoCommercial", "VideoCommercial\VideoCommercial.csproj", "{2F630D18-DEA7-450C-81EE-DCA01F62BD1D}"
EndProject
Global
	GlobalSection(SolutionConfigurationPlatforms) = preSolution
		Debug|Any CPU = Debug|Any CPU
		Release|Any CPU = Release|Any CPU
	EndGlobalSection
	GlobalSection(ProjectConfigurationPlatforms) = postSolution
		{2F630D18-DEA7-450C-81EE-DCA01F62BD1D}.Debug|Any CPU.ActiveCfg = Debug|Any CPU
		{2F630D18-DEA7-450C-81EE-DCA01F62BD1D}.Debug|Any CPU.Build.0 = Debug|Any CPU
		{2F630D18-DEA7-450C-81EE-DCA01F62BD1D}.Release|Any CPU.ActiveCfg = Release|Any CPU
		{2F630D18-DEA7-450C-81EE-DCA01F62BD1D}.Release|Any CPU.Build.0 = Release|Any CPU
	EndGlobalSection
	GlobalSection(SolutionProperties) = preSolution
		HideSolutionNode = FALSE
	EndGlobalSection
	GlobalSection(ExtensibilityGlobals) = postSolution
		SolutionGuid = {3E74969A-E61D-4851-8C59-087E37F980C9}
	EndGlobalSection
EndGlobal
